// !$*UTF8*$!
{
	archiveVersion = 1;
	classes = {
	};
	objectVersion = 46;
	objects = {

/* Begin PBXBuildFile section */
		DEBA4AC81F6D5EBA008CCE0C /* main.m in Sources */ = {isa = PBXBuildFile; fileRef = DEBA4AC71F6D5EBA008CCE0C /* main.m */; };
		DEBA4ACB1F6D5EBA008CCE0C /* AppDelegate.m in Sources */ = {isa = PBXBuildFile; fileRef = DEBA4ACA1F6D5EBA008CCE0C /* AppDelegate.m */; };
		DEBA4ACE1F6D5EBA008CCE0C /* ViewController.m in Sources */ = {isa = PBXBuildFile; fileRef = DEBA4ACD1F6D5EBA008CCE0C /* ViewController.m */; };
		DEBA4AD11F6D5EBA008CCE0C /* Main.storyboard in Resources */ = {isa = PBXBuildFile; fileRef = DEBA4ACF1F6D5EBA008CCE0C /* Main.storyboard */; };
		DEBA4AD31F6D5EBA008CCE0C /* Assets.xcassets in Resources */ = {isa = PBXBuildFile; fileRef = DEBA4AD21F6D5EBA008CCE0C /* Assets.xcassets */; };
		DEBA4AD61F6D5EBA008CCE0C /* LaunchScreen.storyboard in Resources */ = {isa = PBXBuildFile; fileRef = DEBA4AD41F6D5EBA008CCE0C /* LaunchScreen.storyboard */; };
		DEBA4AE01F6D5EE3008CCE0C /* ZJWordFilter.m in Sources */ = {isa = PBXBuildFile; fileRef = DEBA4ADF1F6D5EE3008CCE0C /* ZJWordFilter.m */; };
/* End PBXBuildFile section */

/* Begin PBXFileReference section */
		DEBA4AC31F6D5EBA008CCE0C /* ZJWordFilter.app */ = {isa = PBXFileReference; explicitFileType = wrapper.application; includeInIndex = 0; path = ZJWordFilter.app; sourceTree = BUILT_PRODUCTS_DIR; };
		DEBA4AC71F6D5EBA008CCE0C /* main.m */ = {isa = PBXFileReference; lastKnownFileType = sourcecode.c.objc; path = main.m; sourceTree = "<group>"; };
		DEBA4AC91F6D5EBA008CCE0C /* AppDelegate.h */ = {isa = PBXFileReference; lastKnownFileType = sourcecode.c.h; path = AppDelegate.h; sourceTree = "<group>"; };
		DEBA4ACA1F6D5EBA008CCE0C /* AppDelegate.m */ = {isa = PBXFileReference; lastKnownFileType = sourcecode.c.objc; path = AppDelegate.m; sourceTree = "<group>"; };
		DEBA4ACC1F6D5EBA008CCE0C /* ViewController.h */ = {isa = PBXFileReference; lastKnownFileType = sourcecode.c.h; path = ViewController.h; sourceTree = "<group>"; };
		DEBA4ACD1F6D5EBA008CCE0C /* ViewController.m */ = {isa = PBXFileReference; lastKnownFileType = sourcecode.c.objc; path = ViewController.m; sourceTree = "<group>"; };
		DEBA4AD01F6D5EBA008CCE0C /* Base */ = {isa = PBXFileReference; lastKnownFileType = file.storyboard; name = Base; path = Base.lproj/Main.storyboard; sourceTree = "<group>"; };
		DEBA4AD21F6D5EBA008CCE0C /* Assets.xcassets */ = {isa = PBXFileReference; lastKnownFileType = folder.assetcatalog; path = Assets.xcassets; sourceTree = "<group>"; };
		DEBA4AD51F6D5EBA008CCE0C /* Base */ = {isa = PBXFileReference; lastKnownFileType = file.storyboard; name = Base; path = Base.lproj/LaunchScreen.storyboard; sourceTree = "<group>"; };
		DEBA4AD71F6D5EBA008CCE0C /* Info.plist */ = {isa = PBXFileReference; lastKnownFileType = text.plist.xml; path = Info.plist; sourceTree = "<group>"; };
		DEBA4ADE1F6D5EE3008CCE0C /* ZJWordFilter.h */ = {isa = PBXFileReference; fileEncoding = 4; lastKnownFileType = sourcecode.c.h; path = ZJWordFilter.h; sourceTree = "<group>"; };
		DEBA4ADF1F6D5EE3008CCE0C /* ZJWordFilter.m */ = {isa = PBXFileReference; fileEncoding = 4; lastKnownFileType = sourcecode.c.objc; path = ZJWordFilter.m; sourceTree = "<group>"; };
/* End PBXFileReference section */

/* Begin PBXFrameworksBuildPhase section */
		DEBA4AC01F6D5EBA008CCE0C /* Frameworks */ = {
			isa = PBXFrameworksBuildPhase;
			buildActionMask = 2147483647;
			files = (
			);
			runOnlyForDeploymentPostprocessing = 0;
		};
/* End PBXFrameworksBuildPhase section */

/* Begin PBXGroup section */
		DEBA4ABA1F6D5EBA008CCE0C = {
			isa = PBXGroup;
			children = (
				DEBA4AC51F6D5EBA008CCE0C /* ZJWordFilter */,
				DEBA4AC41F6D5EBA008CCE0C /* Products */,
			);
			sourceTree = "<group>";
		};
		DEBA4AC41F6D5EBA008CCE0C /* Products */ = {
			isa = PBXGroup;
			children = (
				DEBA4AC31F6D5EBA008CCE0C /* ZJWordFilter.app */,
			);
			name = Products;
			sourceTree = "<group>";
		};
		DEBA4AC51F6D5EBA008CCE0C /* ZJWordFilter */ = {
			isa = PBXGroup;
			children = (
				DEBA4AC91F6D5EBA008CCE0C /* AppDelegate.h */,
				DEBA4ACA1F6D5EBA008CCE0C /* AppDelegate.m */,
				DEBA4ACC1F6D5EBA008CCE0C /* ViewController.h */,
				DEBA4ACD1F6D5EBA008CCE0C /* ViewController.m */,
				DEBA4ADD1F6D5EDB008CCE0C /* ZJWordFilter */,
				DEBA4ACF1F6D5EBA008CCE0C /* Main.storyboard */,
				DEBA4AD21F6D5EBA008CCE0C /* Assets.xcassets */,
				DEBA4AD41F6D5EBA008CCE0C /* LaunchScreen.storyboard */,
				DEBA4AD71F6D5EBA008CCE0C /* Info.plist */,
				DEBA4AC61F6D5EBA008CCE0C /* Supporting Files */,
			);
			path = ZJWordFilter;
			sourceTree = "<group>";
		};
		DEBA4AC61F6D5EBA008CCE0C /* Supporting Files */ = {
			isa = PBXGroup;
			children = (
				DEBA4AC71F6D5EBA008CCE0C /* main.m */,
			);
			name = "Supporting Files";
			sourceTree = "<group>";
		};
		DEBA4ADD1F6D5EDB008CCE0C /* ZJWordFilter */ = {
			isa = PBXGroup;
			children = (
				DEBA4ADE1F6D5EE3008CCE0C /* ZJWordFilter.h */,
				DEBA4ADF1F6D5EE3008CCE0C /* ZJWordFilter.m */,
			);
			path = ZJWordFilter;
			sourceTree = "<group>";
		};
/* End PBXGroup section */

/* Begin PBXNativeTarget section */
		DEBA4AC21F6D5EBA008CCE0C /* ZJWordFilter */ = {
			isa = PBXNativeTarget;
			buildConfigurationList = DEBA4ADA1F6D5EBA008CCE0C /* Build configuration list for PBXNativeTarget "ZJWordFilter" */;
			buildPhases = (
				DEBA4ABF1F6D5EBA008CCE0C /* Sources */,
				DEBA4AC01F6D5EBA008CCE0C /* Frameworks */,
				DEBA4AC11F6D5EBA008CCE0C /* Resources */,
			);
			buildRules = (
			);
			dependencies = (
			);
			name = ZJWordFilter;
			productName = ZJWordFilter;
			productReference = DEBA4AC31F6D5EBA008CCE0C /* ZJWordFilter.app */;
			productType = "com.apple.product-type.application";
		};
/* End PBXNativeTarget section */

/* Begin PBXProject section */
		DEBA4ABB1F6D5EBA008CCE0C /* Project object */ = {
			isa = PBXProject;
			attributes = {
				LastUpgradeCheck = 0830;
				ORGANIZATIONNAME = CZJ;
				TargetAttributes = {
					DEBA4AC21F6D5EBA008CCE0C = {
						CreatedOnToolsVersion = 8.3.3;
						ProvisioningStyle = Automatic;
					};
				};
			};
			buildConfigurationList = DEBA4ABE1F6D5EBA008CCE0C /* Build configuration list for PBXProject "ZJWordFilter" */;
			compatibilityVersion = "Xcode 3.2";
			developmentRegion = English;
			hasScannedForEncodings = 0;
			knownRegions = (
				en,
				Base,
			);
			mainGroup = DEBA4ABA1F6D5EBA008CCE0C;
			productRefGroup = DEBA4AC41F6D5EBA008CCE0C /* Products */;
			projectDirPath = "";
			projectRoot = "";
			targets = (
				DEBA4AC21F6D5EBA008CCE0C /* ZJWordFilter */,
			);
		};
/* End PBXProject section */

/* Begin PBXResourcesBuildPhase section */
		DEBA4AC11F6D5EBA008CCE0C /* Resources */ = {
			isa = PBXResourcesBuildPhase;
			buildActionMask = 2147483647;
			files = (
				DEBA4AD61F6D5EBA008CCE0C /* LaunchScreen.storyboard in Resources */,
				DEBA4AD31F6D5EBA008CCE0C /* Assets.xcassets in Resources */,
				DEBA4AD11F6D5EBA008CCE0C /* Main.storyboard in Resources */,
			);
			runOnlyForDeploymentPostprocessing = 0;
		};
/* End PBXResourcesBuildPhase section */

/* Begin PBXSourcesBuildPhase section */
		DEBA4ABF1F6D5EBA008CCE0C /* Sources */ = {
			isa = PBXSourcesBuildPhase;
			buildActionMask = 2147483647;
			files = (
				DEBA4ACE1F6D5EBA008CCE0C /* ViewController.m in Sources */,
				DEBA4ACB1F6D5EBA008CCE0C /* AppDelegate.m in Sources */,
				DEBA4AC81F6D5EBA008CCE0C /* main.m in Sources */,
				DEBA4AE01F6D5EE3008CCE0C /* ZJWordFilter.m in Sources */,
			);
			runOnlyForDeploymentPostprocessing = 0;
		};
/* End PBXSourcesBuildPhase section */

/* Begin PBXVariantGroup section */
		DEBA4ACF1F6D5EBA008CCE0C /* Main.storyboard */ = {
			isa = PBXVariantGroup;
			children = (
				DEBA4AD01F6D5EBA008CCE0C /* Base */,
			);
			name = Main.storyboard;
			sourceTree = "<group>";
		};
		DEBA4AD41F6D5EBA008CCE0C /* LaunchScreen.storyboard */ = {
			isa = PBXVariantGroup;
			children = (
				DEBA4AD51F6D5EBA008CCE0C /* Base */,
			);
			name = LaunchScreen.storyboard;
			sourceTree = "<group>";
		};
/* End PBXVariantGroup section */

/* Begin XCBuildConfiguration section */
		DEBA4AD81F6D5EBA008CCE0C /* Debug */ = {
			isa = XCBuildConfiguration;
			buildSettings = {
				ALWAYS_SEARCH_USER_PATHS = NO;
				CLANG_ANALYZER_NONNULL = YES;
				CLANG_ANALYZER_NUMBER_OBJECT_CONVERSION = YES_AGGRESSIVE;
				CLANG_CXX_LANGUAGE_STANDARD = "gnu++0x";
				CLANG_CXX_LIBRARY = "libc++";
				CLANG_ENABLE_MODULES = YES;
				CLANG_ENABLE_OBJC_ARC = YES;
				CLANG_WARN_BOOL_CONVERSION = YES;
				CLANG_WARN_CONSTANT_CONVERSION = YES;
				CLANG_WARN_DIRECT_OBJC_ISA_USAGE = YES_ERROR;
				CLANG_WARN_DOCUMENTATION_COMMENTS = YES;
				CLANG_WARN_EMPTY_BODY = YES;
				CLANG_WARN_ENUM_CONVERSION = YES;
				CLANG_WARN_INFINITE_RECURSION = YES;
				CLANG_WARN_INT_CONVERSION = YES;
				CLANG_WARN_OBJC_ROOT_CLASS = YES_ERROR;
				CLANG_WARN_SUSPICIOUS_MOVE = YES;
				CLANG_WARN_UNREACHABLE_CODE = YES;
				CLANG_WARN__DUPLICATE_METHOD_MATCH = YES;
				"CODE_SIGN_IDENTITY[sdk=iphoneos*]" = "iPhone Developer";
				COPY_PHASE_STRIP = NO;
				DEBUG_INFORMATION_FORMAT = dwarf;
				ENABLE_STRICT_OBJC_MSGSEND = YES;
				ENABLE_TESTABILITY = YES;
				GCC_C_LANGUAGE_STANDARD = gnu99;
				GCC_DYNAMIC_NO_PIC = NO;
				GCC_NO_COMMON_BLOCKS = YES;
				GCC_OPTIMIZATION_LEVEL = 0;
				GCC_PREPROCESSOR_DEFINITIONS = (
					"DEBUG=1",
					"$(inherited)",
				);
				GCC_WARN_64_TO_32_BIT_CONVERSION = YES;
				GCC_WARN_ABOUT_RETURN_TYPE = YES_ERROR;
				GCC_WARN_UNDECLARED_SELECTOR = YES;
				GCC_WARN_UNINITIALIZED_AUTOS = YES_AGGRESSIVE;
				GCC_WARN_UNUSED_FUNCTION = YES;
				GCC_WARN_UNUSED_VARIABLE = YES;
				IPHONEOS_DEPLOYMENT_TARGET = 10.3;
				MTL_ENABLE_DEBUG_INFO = YES;
				ONLY_ACTIVE_ARCH = YES;
				SDKROOT = iphoneos;
				TARGETED_DEVICE_FAMILY = "1,2";
			};
			name = Debug;
		};
		DEBA4AD91F6D5EBA008CCE0C /* Release */ = {
			isa = XCBuildConfiguration;
			buildSettings = {
				ALWAYS_SEARCH_USER_PATHS = NO;
				CLANG_ANALYZER_NONNULL = YES;
				CLANG_ANALYZER_NUMBER_OBJECT_CONVERSION = YES_AGGRESSIVE;
				CLANG_CXX_LANGUAGE_STANDARD = "gnu++0x";
				CLANG_CXX_LIBRARY = "libc++";
				CLANG_ENABLE_MODULES = YES;
				CLANG_ENABLE_OBJC_ARC = YES;
				CLANG_WARN_BOOL_CONVERSION = YES;
				CLANG_WARN_CONSTANT_CONVERSION = YES;
				CLANG_WARN_DIRECT_OBJC_ISA_USAGE = YES_ERROR;
				CLANG_WARN_DOCUMENTATION_COMMENTS = YES;
				CLANG_WARN_EMPTY_BODY = YES;
				CLANG_WARN_ENUM_CONVERSION = YES;
				CLANG_WARN_INFINITE_RECURSION = YES;
				CLANG_WARN_INT_CONVERSION = YES;
				CLANG_WARN_OBJC_ROOT_CLASS = YES_ERROR;
				CLANG_WARN_SUSPICIOUS_MOVE = YES;
				CLANG_WARN_UNREACHABLE_CODE = YES;
				CLANG_WARN__DUPLICATE_METHOD_MATCH = YES;
				"CODE_SIGN_IDENTITY[sdk=iphoneos*]" = "iPhone Developer";
				COPY_PHASE_STRIP = NO;
				DEBUG_INFORMATION_FORMAT = "dwarf-with-dsym";
				ENABLE_NS_ASSERTIONS = NO;
				ENABLE_STRICT_OBJC_MSGSEND = YES;
				GCC_C_LANGUAGE_STANDARD = gnu99;
				GCC_NO_COMMON_BLOCKS = YES;
				GCC_WARN_64_TO_32_BIT_CONVERSION = YES;
				GCC_WARN_ABOUT_RETURN_TYPE = YES_ERROR;
				GCC_WARN_UNDECLARED_SELECTOR = YES;
				GCC_WARN_UNINITIALIZED_AUTOS = YES_AGGRESSIVE;
				GCC_WARN_UNUSED_FUNCTION = YES;
				GCC_WARN_UNUSED_VARIABLE = YES;
				IPHONEOS_DEPLOYMENT_TARGET = 10.3;
				MTL_ENABLE_DEBUG_INFO = NO;
				SDKROOT = iphoneos;
				TARGETED_DEVICE_FAMILY = "1,2";
				VALIDATE_PRODUCT = YES;
			};
			name = Release;
		};
		DEBA4ADB1F6D5EBA008CCE0C /* Debug */ = {
			isa = XCBuildConfiguration;
			buildSettings = {
				ASSETCATALOG_COMPILER_APPICON_NAME = AppIcon;
				INFOPLIST_FILE = ZJWordFilter/Info.plist;
				IPHONEOS_DEPLOYMENT_TARGET = 8.0;
				LD_RUNPATH_SEARCH_PATHS = "$(inherited) @executable_path/Frameworks";
				PRODUCT_BUNDLE_IDENTIFIER = CZJ.ZJWordFilter;
				PRODUCT_NAME = "$(TARGET_NAME)";
			};
			name = Debug;
		};
		DEBA4ADC1F6D5EBA008CCE0C /* Release */ = {
			isa = XCBuildConfiguration;
			buildSettings = {
				ASSETCATALOG_COMPILER_APPICON_NAME = AppIcon;
				INFOPLIST_FILE = ZJWordFilter/Info.plist;
				IPHONEOS_DEPLOYMENT_TARGET = 8.0;
				LD_RUNPATH_SEARCH_PATHS = "$(inherited) @executable_path/Frameworks";
				PRODUCT_BUNDLE_IDENTIFIER = CZJ.ZJWordFilter;
				PRODUCT_NAME = "$(TARGET_NAME)";
			};
			name = Release;
		};
/* End XCBuildConfiguration section */

/* Begin XCConfigurationList section */
		DEBA4ABE1F6D5EBA008CCE0C /* Build configuration list for PBXProject "ZJWordFilter" */ = {
			isa = XCConfigurationList;
			buildConfigurations = (
				DEBA4AD81F6D5EBA008CCE0C /* Debug */,
				DEBA4AD91F6D5EBA008CCE0C /* Release */,
			);
			defaultConfigurationIsVisible = 0;
			defaultConfigurationName = Release;
		};
		DEBA4ADA1F6D5EBA008CCE0C /* Build configuration list for PBXNativeTarget "ZJWordFilter" */ = {
			isa = XCConfigurationList;
			buildConfigurations = (
				DEBA4ADB1F6D5EBA008CCE0C /* Debug */,
				DEBA4ADC1F6D5EBA008CCE0C /* Release */,
			);
			defaultConfigurationIsVisible = 0;
		};
/* End XCConfigurationList section */
	};
	rootObject = DEBA4ABB1F6D5EBA008CCE0C /* Project object */;
}
